// !$*UTF8*$!
{
	archiveVersion = 1;
	classes = {
	};
	objectVersion = 55;
	objects = {

/* Begin PBXBuildFile section */
		1EA06DD327F56A1000513D41 /* AppDelegate.swift in Sources */ = {isa = PBXBuildFile; fileRef = 1EA06DD227F56A1000513D41 /* AppDelegate.swift */; };
		1EA06DD527F56A1000513D41 /* SceneDelegate.swift in Sources */ = {isa = PBXBuildFile; fileRef = 1EA06DD427F56A1000513D41 /* SceneDelegate.swift */; };
		1EA06DD727F56A1000513D41 /* MainViewController.swift in Sources */ = {isa = PBXBuildFile; fileRef = 1EA06DD627F56A1000513D41 /* MainViewController.swift */; };
		1EA06DDC27F56A1200513D41 /* Assets.xcassets in Resources */ = {isa = PBXBuildFile; fileRef = 1EA06DDB27F56A1200513D41 /* Assets.xcassets */; };
		1EA06DDF27F56A1200513D41 /* LaunchScreen.storyboard in Resources */ = {isa = PBXBuildFile; fileRef = 1EA06DDD27F56A1200513D41 /* LaunchScreen.storyboard */; };
		1EA06DEA27F56BC200513D41 /* SnapKit in Frameworks */ = {isa = PBXBuildFile; productRef = 1EA06DE927F56BC200513D41 /* SnapKit */; };
		1EA06DED27F56BD900513D41 /* RxCocoa in Frameworks */ = {isa = PBXBuildFile; productRef = 1EA06DEC27F56BD900513D41 /* RxCocoa */; };
		1EA06DEF27F56BD900513D41 /* RxRelay in Frameworks */ = {isa = PBXBuildFile; productRef = 1EA06DEE27F56BD900513D41 /* RxRelay */; };
		1EA06DF127F56BD900513D41 /* RxSwift in Frameworks */ = {isa = PBXBuildFile; productRef = 1EA06DF027F56BD900513D41 /* RxSwift */; };
		1EA06DF427F56C6E00513D41 /* Kingfisher in Frameworks */ = {isa = PBXBuildFile; productRef = 1EA06DF327F56C6E00513D41 /* Kingfisher */; };
		1EA06DF627F56D6900513D41 /* SearchBar.swift in Sources */ = {isa = PBXBuildFile; fileRef = 1EA06DF527F56D6900513D41 /* SearchBar.swift */; };
		1EA06DF827F573DA00513D41 /* FilterView.swift in Sources */ = {isa = PBXBuildFile; fileRef = 1EA06DF727F573DA00513D41 /* FilterView.swift */; };
		1EA06DFA27F574F400513D41 /* BlogListTableView.swift in Sources */ = {isa = PBXBuildFile; fileRef = 1EA06DF927F574F300513D41 /* BlogListTableView.swift */; };
		1EA06DFC27F5750000513D41 /* BlogListCell.swift in Sources */ = {isa = PBXBuildFile; fileRef = 1EA06DFB27F5750000513D41 /* BlogListCell.swift */; };
		1EA06DFE27F5750B00513D41 /* BlogListCellData.swift in Sources */ = {isa = PBXBuildFile; fileRef = 1EA06DFD27F5750B00513D41 /* BlogListCellData.swift */; };
		1EA06E0727F57AF400513D41 /* AlertActionConvertible.swift in Sources */ = {isa = PBXBuildFile; fileRef = 1EA06E0627F57AF400513D41 /* AlertActionConvertible.swift */; };
/* End PBXBuildFile section */

/* Begin PBXFileReference section */
		1EA06DCF27F56A1000513D41 /* DBSearch.app */ = {isa = PBXFileReference; explicitFileType = wrapper.application; includeInIndex = 0; path = DBSearch.app; sourceTree = BUILT_PRODUCTS_DIR; };
		1EA06DD227F56A1000513D41 /* AppDelegate.swift */ = {isa = PBXFileReference; lastKnownFileType = sourcecode.swift; path = AppDelegate.swift; sourceTree = "<group>"; };
		1EA06DD427F56A1000513D41 /* SceneDelegate.swift */ = {isa = PBXFileReference; lastKnownFileType = sourcecode.swift; path = SceneDelegate.swift; sourceTree = "<group>"; };
		1EA06DD627F56A1000513D41 /* MainViewController.swift */ = {isa = PBXFileReference; lastKnownFileType = sourcecode.swift; path = MainViewController.swift; sourceTree = "<group>"; };
		1EA06DDB27F56A1200513D41 /* Assets.xcassets */ = {isa = PBXFileReference; lastKnownFileType = folder.assetcatalog; path = Assets.xcassets; sourceTree = "<group>"; };
		1EA06DDE27F56A1200513D41 /* Base */ = {isa = PBXFileReference; lastKnownFileType = file.storyboard; name = Base; path = Base.lproj/LaunchScreen.storyboard; sourceTree = "<group>"; };
		1EA06DE027F56A1200513D41 /* Info.plist */ = {isa = PBXFileReference; lastKnownFileType = text.plist.xml; path = Info.plist; sourceTree = "<group>"; };
		1EA06DE727F56B0800513D41 /* .swiftlint.yml */ = {isa = PBXFileReference; lastKnownFileType = text.yaml; path = .swiftlint.yml; sourceTree = "<group>"; };
		1EA06DF527F56D6900513D41 /* SearchBar.swift */ = {isa = PBXFileReference; lastKnownFileType = sourcecode.swift; path = SearchBar.swift; sourceTree = "<group>"; };
		1EA06DF727F573DA00513D41 /* FilterView.swift */ = {isa = PBXFileReference; lastKnownFileType = sourcecode.swift; path = FilterView.swift; sourceTree = "<group>"; };
		1EA06DF927F574F300513D41 /* BlogListTableView.swift */ = {isa = PBXFileReference; lastKnownFileType = sourcecode.swift; path = BlogListTableView.swift; sourceTree = "<group>"; };
		1EA06DFB27F5750000513D41 /* BlogListCell.swift */ = {isa = PBXFileReference; lastKnownFileType = sourcecode.swift; path = BlogListCell.swift; sourceTree = "<group>"; };
		1EA06DFD27F5750B00513D41 /* BlogListCellData.swift */ = {isa = PBXFileReference; lastKnownFileType = sourcecode.swift; path = BlogListCellData.swift; sourceTree = "<group>"; };
		1EA06E0627F57AF400513D41 /* AlertActionConvertible.swift */ = {isa = PBXFileReference; lastKnownFileType = sourcecode.swift; path = AlertActionConvertible.swift; sourceTree = "<group>"; };
/* End PBXFileReference section */

/* Begin PBXFrameworksBuildPhase section */
		1EA06DCC27F56A1000513D41 /* Frameworks */ = {
			isa = PBXFrameworksBuildPhase;
			buildActionMask = 2147483647;
			files = (
				1EA06DEF27F56BD900513D41 /* RxRelay in Frameworks */,
				1EA06DED27F56BD900513D41 /* RxCocoa in Frameworks */,
				1EA06DF127F56BD900513D41 /* RxSwift in Frameworks */,
				1EA06DEA27F56BC200513D41 /* SnapKit in Frameworks */,
				1EA06DF427F56C6E00513D41 /* Kingfisher in Frameworks */,
			);
			runOnlyForDeploymentPostprocessing = 0;
		};
/* End PBXFrameworksBuildPhase section */

/* Begin PBXGroup section */
		1EA06DC627F56A1000513D41 = {
			isa = PBXGroup;
			children = (
				1EA06DE727F56B0800513D41 /* .swiftlint.yml */,
				1EA06DD127F56A1000513D41 /* DBSearch */,
				1EA06DD027F56A1000513D41 /* Products */,
			);
			sourceTree = "<group>";
		};
		1EA06DD027F56A1000513D41 /* Products */ = {
			isa = PBXGroup;
			children = (
				1EA06DCF27F56A1000513D41 /* DBSearch.app */,
			);
			name = Products;
			sourceTree = "<group>";
		};
		1EA06DD127F56A1000513D41 /* DBSearch */ = {
			isa = PBXGroup;
			children = (
				1EA06DD227F56A1000513D41 /* AppDelegate.swift */,
				1EA06DD427F56A1000513D41 /* SceneDelegate.swift */,
				1EA06DFF27F5751900513D41 /* Entities */,
				1EA06E0027F5752C00513D41 /* Presentation */,
				1EA06DDB27F56A1200513D41 /* Assets.xcassets */,
				1EA06DDD27F56A1200513D41 /* LaunchScreen.storyboard */,
				1EA06DE027F56A1200513D41 /* Info.plist */,
			);
			path = DBSearch;
			sourceTree = "<group>";
		};
		1EA06DFF27F5751900513D41 /* Entities */ = {
			isa = PBXGroup;
			children = (
				1EA06DFD27F5750B00513D41 /* BlogListCellData.swift */,
				1EA06E0627F57AF400513D41 /* AlertActionConvertible.swift */,
			);
			path = Entities;
			sourceTree = "<group>";
		};
		1EA06E0027F5752C00513D41 /* Presentation */ = {
			isa = PBXGroup;
			children = (
				1EA06E0227F579A300513D41 /* MainViewController */,
			);
			path = Presentation;
			sourceTree = "<group>";
		};
		1EA06E0127F5799700513D41 /* SubComponents */ = {
			isa = PBXGroup;
			children = (
				1EA06E0327F579C300513D41 /* SearchBar */,
				1EA06E0427F579CC00513D41 /* BlogListTableView */,
			);
			path = SubComponents;
			sourceTree = "<group>";
		};
		1EA06E0227F579A300513D41 /* MainViewController */ = {
			isa = PBXGroup;
			children = (
				1EA06DD627F56A1000513D41 /* MainViewController.swift */,
				1EA06E0127F5799700513D41 /* SubComponents */,
			);
			path = MainViewController;
			sourceTree = "<group>";
		};
		1EA06E0327F579C300513D41 /* SearchBar */ = {
			isa = PBXGroup;
			children = (
				1EA06DF527F56D6900513D41 /* SearchBar.swift */,
			);
			path = SearchBar;
			sourceTree = "<group>";
		};
		1EA06E0427F579CC00513D41 /* BlogListTableView */ = {
			isa = PBXGroup;
			children = (
				1EA06DF927F574F300513D41 /* BlogListTableView.swift */,
				1EA06E0527F579E700513D41 /* SubComponents */,
			);
			path = BlogListTableView;
			sourceTree = "<group>";
		};
		1EA06E0527F579E700513D41 /* SubComponents */ = {
			isa = PBXGroup;
			children = (
				1EA06DF727F573DA00513D41 /* FilterView.swift */,
				1EA06DFB27F5750000513D41 /* BlogListCell.swift */,
			);
			path = SubComponents;
			sourceTree = "<group>";
		};
/* End PBXGroup section */

/* Begin PBXNativeTarget section */
		1EA06DCE27F56A1000513D41 /* DBSearch */ = {
			isa = PBXNativeTarget;
			buildConfigurationList = 1EA06DE327F56A1200513D41 /* Build configuration list for PBXNativeTarget "DBSearch" */;
			buildPhases = (
				1EA06DCB27F56A1000513D41 /* Sources */,
				1EA06DCC27F56A1000513D41 /* Frameworks */,
				1EA06DCD27F56A1000513D41 /* Resources */,
				1EA06DE627F56AEF00513D41 /* Swift Lint */,
			);
			buildRules = (
			);
			dependencies = (
			);
			name = DBSearch;
			packageProductDependencies = (
				1EA06DE927F56BC200513D41 /* SnapKit */,
				1EA06DEC27F56BD900513D41 /* RxCocoa */,
				1EA06DEE27F56BD900513D41 /* RxRelay */,
				1EA06DF027F56BD900513D41 /* RxSwift */,
				1EA06DF327F56C6E00513D41 /* Kingfisher */,
			);
			productName = DBSearch;
			productReference = 1EA06DCF27F56A1000513D41 /* DBSearch.app */;
			productType = "com.apple.product-type.application";
		};
/* End PBXNativeTarget section */

/* Begin PBXProject section */
		1EA06DC727F56A1000513D41 /* Project object */ = {
			isa = PBXProject;
			attributes = {
				BuildIndependentTargetsInParallel = 1;
				LastSwiftUpdateCheck = 1320;
				LastUpgradeCheck = 1320;
				TargetAttributes = {
					1EA06DCE27F56A1000513D41 = {
						CreatedOnToolsVersion = 13.2.1;
					};
				};
			};
			buildConfigurationList = 1EA06DCA27F56A1000513D41 /* Build configuration list for PBXProject "DBSearch" */;
			compatibilityVersion = "Xcode 13.0";
			developmentRegion = en;
			hasScannedForEncodings = 0;
			knownRegions = (
				en,
				Base,
			);
			mainGroup = 1EA06DC627F56A1000513D41;
			packageReferences = (
				1EA06DE827F56BC200513D41 /* XCRemoteSwiftPackageReference "SnapKit" */,
				1EA06DEB27F56BD900513D41 /* XCRemoteSwiftPackageReference "RxSwift" */,
				1EA06DF227F56C6E00513D41 /* XCRemoteSwiftPackageReference "Kingfisher" */,
			);
			productRefGroup = 1EA06DD027F56A1000513D41 /* Products */;
			projectDirPath = "";
			projectRoot = "";
			targets = (
				1EA06DCE27F56A1000513D41 /* DBSearch */,
			);
		};
/* End PBXProject section */

/* Begin PBXResourcesBuildPhase section */
		1EA06DCD27F56A1000513D41 /* Resources */ = {
			isa = PBXResourcesBuildPhase;
			buildActionMask = 2147483647;
			files = (
				1EA06DDF27F56A1200513D41 /* LaunchScreen.storyboard in Resources */,
				1EA06DDC27F56A1200513D41 /* Assets.xcassets in Resources */,
			);
			runOnlyForDeploymentPostprocessing = 0;
		};
/* End PBXResourcesBuildPhase section */

/* Begin PBXShellScriptBuildPhase section */
		1EA06DE627F56AEF00513D41 /* Swift Lint */ = {
			isa = PBXShellScriptBuildPhase;
			buildActionMask = 2147483647;
			files = (
			);
			inputFileListPaths = (
			);
			inputPaths = (
			);
			name = "Swift Lint";
			outputFileListPaths = (
			);
			outputPaths = (
			);
			runOnlyForDeploymentPostprocessing = 0;
			shellPath = /bin/sh;
			shellScript = "export PATH=\"$PATH:/opt/homebrew/bin\"\nif which swiftlint > /dev/null; then\n  swiftlint\nelse\n  echo \"warning: SwiftLint not installed, download from https://github.com/realm/SwiftLint\"\nfi\n";
		};
/* End PBXShellScriptBuildPhase section */

/* Begin PBXSourcesBuildPhase section */
		1EA06DCB27F56A1000513D41 /* Sources */ = {
			isa = PBXSourcesBuildPhase;
			buildActionMask = 2147483647;
			files = (
				1EA06DD727F56A1000513D41 /* MainViewController.swift in Sources */,
				1EA06DFC27F5750000513D41 /* BlogListCell.swift in Sources */,
				1EA06DF627F56D6900513D41 /* SearchBar.swift in Sources */,
				1EA06DFE27F5750B00513D41 /* BlogListCellData.swift in Sources */,
				1EA06DD327F56A1000513D41 /* AppDelegate.swift in Sources */,
				1EA06DFA27F574F400513D41 /* BlogListTableView.swift in Sources */,
				1EA06DF827F573DA00513D41 /* FilterView.swift in Sources */,
				1EA06DD527F56A1000513D41 /* SceneDelegate.swift in Sources */,
				1EA06E0727F57AF400513D41 /* AlertActionConvertible.swift in Sources */,
			);
			runOnlyForDeploymentPostprocessing = 0;
		};
/* End PBXSourcesBuildPhase section */

/* Begin PBXVariantGroup section */
		1EA06DDD27F56A1200513D41 /* LaunchScreen.storyboard */ = {
			isa = PBXVariantGroup;
			children = (
				1EA06DDE27F56A1200513D41 /* Base */,
			);
			name = LaunchScreen.storyboard;
			sourceTree = "<group>";
		};
/* End PBXVariantGroup section */

/* Begin XCBuildConfiguration section */
		1EA06DE127F56A1200513D41 /* Debug */ = {
			isa = XCBuildConfiguration;
			buildSettings = {
				ALWAYS_SEARCH_USER_PATHS = NO;
				CLANG_ANALYZER_NONNULL = YES;
				CLANG_ANALYZER_NUMBER_OBJECT_CONVERSION = YES_AGGRESSIVE;
				CLANG_CXX_LANGUAGE_STANDARD = "gnu++17";
				CLANG_CXX_LIBRARY = "libc++";
				CLANG_ENABLE_MODULES = YES;
				CLANG_ENABLE_OBJC_ARC = YES;
				CLANG_ENABLE_OBJC_WEAK = YES;
				CLANG_WARN_BLOCK_CAPTURE_AUTORELEASING = YES;
				CLANG_WARN_BOOL_CONVERSION = YES;
				CLANG_WARN_COMMA = YES;
				CLANG_WARN_CONSTANT_CONVERSION = YES;
				CLANG_WARN_DEPRECATED_OBJC_IMPLEMENTATIONS = YES;
				CLANG_WARN_DIRECT_OBJC_ISA_USAGE = YES_ERROR;
				CLANG_WARN_DOCUMENTATION_COMMENTS = YES;
				CLANG_WARN_EMPTY_BODY = YES;
				CLANG_WARN_ENUM_CONVERSION = YES;
				CLANG_WARN_INFINITE_RECURSION = YES;
				CLANG_WARN_INT_CONVERSION = YES;
				CLANG_WARN_NON_LITERAL_NULL_CONVERSION = YES;
				CLANG_WARN_OBJC_IMPLICIT_RETAIN_SELF = YES;
				CLANG_WARN_OBJC_LITERAL_CONVERSION = YES;
				CLANG_WARN_OBJC_ROOT_CLASS = YES_ERROR;
				CLANG_WARN_QUOTED_INCLUDE_IN_FRAMEWORK_HEADER = YES;
				CLANG_WARN_RANGE_LOOP_ANALYSIS = YES;
				CLANG_WARN_STRICT_PROTOTYPES = YES;
				CLANG_WARN_SUSPICIOUS_MOVE = YES;
				CLANG_WARN_UNGUARDED_AVAILABILITY = YES_AGGRESSIVE;
				CLANG_WARN_UNREACHABLE_CODE = YES;
				CLANG_WARN__DUPLICATE_METHOD_MATCH = YES;
				COPY_PHASE_STRIP = NO;
				DEBUG_INFORMATION_FORMAT = dwarf;
				ENABLE_STRICT_OBJC_MSGSEND = YES;
				ENABLE_TESTABILITY = YES;
				GCC_C_LANGUAGE_STANDARD = gnu11;
				GCC_DYNAMIC_NO_PIC = NO;
				GCC_NO_COMMON_BLOCKS = YES;
				GCC_OPTIMIZATION_LEVEL = 0;
				GCC_PREPROCESSOR_DEFINITIONS = (
					"DEBUG=1",
					"$(inherited)",
				);
				GCC_WARN_64_TO_32_BIT_CONVERSION = YES;
				GCC_WARN_ABOUT_RETURN_TYPE = YES_ERROR;
				GCC_WARN_UNDECLARED_SELECTOR = YES;
				GCC_WARN_UNINITIALIZED_AUTOS = YES_AGGRESSIVE;
				GCC_WARN_UNUSED_FUNCTION = YES;
				GCC_WARN_UNUSED_VARIABLE = YES;
				IPHONEOS_DEPLOYMENT_TARGET = 15.2;
				MTL_ENABLE_DEBUG_INFO = INCLUDE_SOURCE;
				MTL_FAST_MATH = YES;
				ONLY_ACTIVE_ARCH = YES;
				SDKROOT = iphoneos;
				SWIFT_ACTIVE_COMPILATION_CONDITIONS = DEBUG;
				SWIFT_OPTIMIZATION_LEVEL = "-Onone";
			};
			name = Debug;
		};
		1EA06DE227F56A1200513D41 /* Release */ = {
			isa = XCBuildConfiguration;
			buildSettings = {
				ALWAYS_SEARCH_USER_PATHS = NO;
				CLANG_ANALYZER_NONNULL = YES;
				CLANG_ANALYZER_NUMBER_OBJECT_CONVERSION = YES_AGGRESSIVE;
				CLANG_CXX_LANGUAGE_STANDARD = "gnu++17";
				CLANG_CXX_LIBRARY = "libc++";
				CLANG_ENABLE_MODULES = YES;
				CLANG_ENABLE_OBJC_ARC = YES;
				CLANG_ENABLE_OBJC_WEAK = YES;
				CLANG_WARN_BLOCK_CAPTURE_AUTORELEASING = YES;
				CLANG_WARN_BOOL_CONVERSION = YES;
				CLANG_WARN_COMMA = YES;
				CLANG_WARN_CONSTANT_CONVERSION = YES;
				CLANG_WARN_DEPRECATED_OBJC_IMPLEMENTATIONS = YES;
				CLANG_WARN_DIRECT_OBJC_ISA_USAGE = YES_ERROR;
				CLANG_WARN_DOCUMENTATION_COMMENTS = YES;
				CLANG_WARN_EMPTY_BODY = YES;
				CLANG_WARN_ENUM_CONVERSION = YES;
				CLANG_WARN_INFINITE_RECURSION = YES;
				CLANG_WARN_INT_CONVERSION = YES;
				CLANG_WARN_NON_LITERAL_NULL_CONVERSION = YES;
				CLANG_WARN_OBJC_IMPLICIT_RETAIN_SELF = YES;
				CLANG_WARN_OBJC_LITERAL_CONVERSION = YES;
				CLANG_WARN_OBJC_ROOT_CLASS = YES_ERROR;
				CLANG_WARN_QUOTED_INCLUDE_IN_FRAMEWORK_HEADER = YES;
				CLANG_WARN_RANGE_LOOP_ANALYSIS = YES;
				CLANG_WARN_STRICT_PROTOTYPES = YES;
				CLANG_WARN_SUSPICIOUS_MOVE = YES;
				CLANG_WARN_UNGUARDED_AVAILABILITY = YES_AGGRESSIVE;
				CLANG_WARN_UNREACHABLE_CODE = YES;
				CLANG_WARN__DUPLICATE_METHOD_MATCH = YES;
				COPY_PHASE_STRIP = NO;
				DEBUG_INFORMATION_FORMAT = "dwarf-with-dsym";
				ENABLE_NS_ASSERTIONS = NO;
				ENABLE_STRICT_OBJC_MSGSEND = YES;
				GCC_C_LANGUAGE_STANDARD = gnu11;
				GCC_NO_COMMON_BLOCKS = YES;
				GCC_WARN_64_TO_32_BIT_CONVERSION = YES;
				GCC_WARN_ABOUT_RETURN_TYPE = YES_ERROR;
				GCC_WARN_UNDECLARED_SELECTOR = YES;
				GCC_WARN_UNINITIALIZED_AUTOS = YES_AGGRESSIVE;
				GCC_WARN_UNUSED_FUNCTION = YES;
				GCC_WARN_UNUSED_VARIABLE = YES;
				IPHONEOS_DEPLOYMENT_TARGET = 15.2;
				MTL_ENABLE_DEBUG_INFO = NO;
				MTL_FAST_MATH = YES;
				SDKROOT = iphoneos;
				SWIFT_COMPILATION_MODE = wholemodule;
				SWIFT_OPTIMIZATION_LEVEL = "-O";
				VALIDATE_PRODUCT = YES;
			};
			name = Release;
		};
		1EA06DE427F56A1200513D41 /* Debug */ = {
			isa = XCBuildConfiguration;
			buildSettings = {
				ASSETCATALOG_COMPILER_APPICON_NAME = AppIcon;
				ASSETCATALOG_COMPILER_GLOBAL_ACCENT_COLOR_NAME = AccentColor;
				CODE_SIGN_STYLE = Automatic;
				CURRENT_PROJECT_VERSION = 1;
				DEVELOPMENT_TEAM = 4FTFKXF8N5;
				GENERATE_INFOPLIST_FILE = YES;
				INFOPLIST_FILE = DBSearch/Info.plist;
				INFOPLIST_KEY_UIApplicationSupportsIndirectInputEvents = YES;
				INFOPLIST_KEY_UILaunchStoryboardName = LaunchScreen;
				INFOPLIST_KEY_UIMainStoryboardFile = LaunchScreen;
				INFOPLIST_KEY_UISupportedInterfaceOrientations_iPad = "UIInterfaceOrientationPortrait UIInterfaceOrientationPortraitUpsideDown UIInterfaceOrientationLandscapeLeft UIInterfaceOrientationLandscapeRight";
				INFOPLIST_KEY_UISupportedInterfaceOrientations_iPhone = "UIInterfaceOrientationPortrait UIInterfaceOrientationLandscapeLeft UIInterfaceOrientationLandscapeRight";
				LD_RUNPATH_SEARCH_PATHS = (
					"$(inherited)",
					"@executable_path/Frameworks",
				);
				MARKETING_VERSION = 1.0;
				PRODUCT_BUNDLE_IDENTIFIER = com.jeongminkim.DBSearch;
				PRODUCT_NAME = "$(TARGET_NAME)";
				SWIFT_EMIT_LOC_STRINGS = YES;
				SWIFT_VERSION = 5.0;
				TARGETED_DEVICE_FAMILY = "1,2";
			};
			name = Debug;
		};
		1EA06DE527F56A1200513D41 /* Release */ = {
			isa = XCBuildConfiguration;
			buildSettings = {
				ASSETCATALOG_COMPILER_APPICON_NAME = AppIcon;
				ASSETCATALOG_COMPILER_GLOBAL_ACCENT_COLOR_NAME = AccentColor;
				CODE_SIGN_STYLE = Automatic;
				CURRENT_PROJECT_VERSION = 1;
				DEVELOPMENT_TEAM = 4FTFKXF8N5;
				GENERATE_INFOPLIST_FILE = YES;
				INFOPLIST_FILE = DBSearch/Info.plist;
				INFOPLIST_KEY_UIApplicationSupportsIndirectInputEvents = YES;
				INFOPLIST_KEY_UILaunchStoryboardName = LaunchScreen;
				INFOPLIST_KEY_UIMainStoryboardFile = LaunchScreen;
				INFOPLIST_KEY_UISupportedInterfaceOrientations_iPad = "UIInterfaceOrientationPortrait UIInterfaceOrientationPortraitUpsideDown UIInterfaceOrientationLandscapeLeft UIInterfaceOrientationLandscapeRight";
				INFOPLIST_KEY_UISupportedInterfaceOrientations_iPhone = "UIInterfaceOrientationPortrait UIInterfaceOrientationLandscapeLeft UIInterfaceOrientationLandscapeRight";
				LD_RUNPATH_SEARCH_PATHS = (
					"$(inherited)",
					"@executable_path/Frameworks",
				);
				MARKETING_VERSION = 1.0;
				PRODUCT_BUNDLE_IDENTIFIER = com.jeongminkim.DBSearch;
				PRODUCT_NAME = "$(TARGET_NAME)";
				SWIFT_EMIT_LOC_STRINGS = YES;
				SWIFT_VERSION = 5.0;
				TARGETED_DEVICE_FAMILY = "1,2";
			};
			name = Release;
		};
/* End XCBuildConfiguration section */

/* Begin XCConfigurationList section */
		1EA06DCA27F56A1000513D41 /* Build configuration list for PBXProject "DBSearch" */ = {
			isa = XCConfigurationList;
			buildConfigurations = (
				1EA06DE127F56A1200513D41 /* Debug */,
				1EA06DE227F56A1200513D41 /* Release */,
			);
			defaultConfigurationIsVisible = 0;
			defaultConfigurationName = Release;
		};
		1EA06DE327F56A1200513D41 /* Build configuration list for PBXNativeTarget "DBSearch" */ = {
			isa = XCConfigurationList;
			buildConfigurations = (
				1EA06DE427F56A1200513D41 /* Debug */,
				1EA06DE527F56A1200513D41 /* Release */,
			);
			defaultConfigurationIsVisible = 0;
			defaultConfigurationName = Release;
		};
/* End XCConfigurationList section */

/* Begin XCRemoteSwiftPackageReference section */
		1EA06DE827F56BC200513D41 /* XCRemoteSwiftPackageReference "SnapKit" */ = {
			isa = XCRemoteSwiftPackageReference;
			repositoryURL = "https://github.com/SnapKit/SnapKit.git";
			requirement = {
				branch = develop;
				kind = branch;
			};
		};
		1EA06DEB27F56BD900513D41 /* XCRemoteSwiftPackageReference "RxSwift" */ = {
			isa = XCRemoteSwiftPackageReference;
			repositoryURL = "https://github.com/ReactiveX/RxSwift.git";
			requirement = {
				branch = main;
				kind = branch;
			};
		};
		1EA06DF227F56C6E00513D41 /* XCRemoteSwiftPackageReference "Kingfisher" */ = {
			isa = XCRemoteSwiftPackageReference;
			repositoryURL = "https://github.com/onevcat/Kingfisher.git";
			requirement = {
				branch = master;
				kind = branch;
			};
		};
/* End XCRemoteSwiftPackageReference section */

/* Begin XCSwiftPackageProductDependency section */
		1EA06DE927F56BC200513D41 /* SnapKit */ = {
			isa = XCSwiftPackageProductDependency;
			package = 1EA06DE827F56BC200513D41 /* XCRemoteSwiftPackageReference "SnapKit" */;
			productName = SnapKit;
		};
		1EA06DEC27F56BD900513D41 /* RxCocoa */ = {
			isa = XCSwiftPackageProductDependency;
			package = 1EA06DEB27F56BD900513D41 /* XCRemoteSwiftPackageReference "RxSwift" */;
			productName = RxCocoa;
		};
		1EA06DEE27F56BD900513D41 /* RxRelay */ = {
			isa = XCSwiftPackageProductDependency;
			package = 1EA06DEB27F56BD900513D41 /* XCRemoteSwiftPackageReference "RxSwift" */;
			productName = RxRelay;
		};
		1EA06DF027F56BD900513D41 /* RxSwift */ = {
			isa = XCSwiftPackageProductDependency;
			package = 1EA06DEB27F56BD900513D41 /* XCRemoteSwiftPackageReference "RxSwift" */;
			productName = RxSwift;
		};
		1EA06DF327F56C6E00513D41 /* Kingfisher */ = {
			isa = XCSwiftPackageProductDependency;
			package = 1EA06DF227F56C6E00513D41 /* XCRemoteSwiftPackageReference "Kingfisher" */;
			productName = Kingfisher;
		};
/* End XCSwiftPackageProductDependency section */
	};
	rootObject = 1EA06DC727F56A1000513D41 /* Project object */;
}
